# This file was autogenerated by Stack.
# You should not edit this file by hand.
# For more information, please see the documentation at:
#   https://docs.haskellstack.org/en/stable/lock_files

packages:
- completed:
    hackage: json-0.10@sha256:d9fc6b07ce92b8894825a17d2cf14799856767eb30c8bf55962baa579207d799,3210
    pantry-tree:
      size: 3190
      sha256: 5654f66b7cd8bf087ac040a9b0a83eb064219eab32230f61a3adeddfdbb4d4cd
  original:
    hackage: json-0.10@sha256:d9fc6b07ce92b8894825a17d2cf14799856767eb30c8bf55962baa579207d799,3210
- completed:
    hackage: random-strings-0.1.1.0@sha256:935a7a23dab45411960df77636a29b44ce42b89eeb15f2b1e809d771491fa677,2517
    pantry-tree:
      size: 663
      sha256: 5a382966fdd8d5220b5791f3bff6db00d2ea29235e2716dadd52461b8a8beb97
  original:
    hackage: random-strings-0.1.1.0@sha256:935a7a23dab45411960df77636a29b44ce42b89eeb15f2b1e809d771491fa677,2517
- completed:
    hackage: partial-order-0.2.0.0@sha256:a0d6ddc9ebcfa965a5cbcff1d06d46a79d44ea5a0335c583c2a51bcb41334487,2275
    pantry-tree:
      size: 273
      sha256: 674243e0470949fa81a6025ae0ddb1c52c48cffbf163249868563ec826eaadc5
  original:
    hackage: partial-order-0.2.0.0@sha256:a0d6ddc9ebcfa965a5cbcff1d06d46a79d44ea5a0335c583c2a51bcb41334487,2275
- completed:
    name: ConceptGraph
    version: 0.2.0.0
    git: git@github.com:montymxb/ConceptGraph.git
    pantry-tree:
      size: 12272
      sha256: 4ffa2742f6c77da64db2675a3c6b46ec20802437754cb6ec4740862b08ef092d
    commit: 15434149ea23171a31ee557bff8d8d006aa5ff60
  original:
    git: git@github.com:montymxb/ConceptGraph.git
    commit: 15434149ea23171a31ee557bff8d8d006aa5ff60
snapshots:
- completed:
    size: 565266
    url: https://raw.githubusercontent.com/commercialhaskell/stackage-snapshots/master/lts/17/5.yaml
    sha256: 78e8ebabf11406261abbc95b44f240acf71802630b368888f6d758de7fc3a2f7
  original: lts-17.5
